// !$*UTF8*$!
{
	archiveVersion = 1;
	classes = {
	};
	objectVersion = 48;
	objects = {

/* Begin PBXBuildFile section */
		795F85392184D4B100C4AA42 /* AppDelegate.swift in Sources */ = {isa = PBXBuildFile; fileRef = 795F85382184D4B100C4AA42 /* AppDelegate.swift */; };
		795F853B2184D4B100C4AA42 /* ViewController.swift in Sources */ = {isa = PBXBuildFile; fileRef = 795F853A2184D4B100C4AA42 /* ViewController.swift */; };
		795F853E2184D4B100C4AA42 /* Main.storyboard in Resources */ = {isa = PBXBuildFile; fileRef = 795F853C2184D4B100C4AA42 /* Main.storyboard */; };
		795F85402184D4B100C4AA42 /* Assets.xcassets in Resources */ = {isa = PBXBuildFile; fileRef = 795F853F2184D4B100C4AA42 /* Assets.xcassets */; };
		795F85432184D4B100C4AA42 /* LaunchScreen.storyboard in Resources */ = {isa = PBXBuildFile; fileRef = 795F85412184D4B100C4AA42 /* LaunchScreen.storyboard */; };
		795F854B2184D76B00C4AA42 /* HomeTableViewCell.swift in Sources */ = {isa = PBXBuildFile; fileRef = 795F854A2184D76B00C4AA42 /* HomeTableViewCell.swift */; };
		795F854F2184D94900C4AA42 /* ToDo.swift in Sources */ = {isa = PBXBuildFile; fileRef = 795F854E2184D94900C4AA42 /* ToDo.swift */; };
		795F85512184DBDC00C4AA42 /* NetworkService.swift in Sources */ = {isa = PBXBuildFile; fileRef = 795F85502184DBDC00C4AA42 /* NetworkService.swift */; };
		A4605C2321856237007B53FF /* AddToDoViewController.swift in Sources */ = {isa = PBXBuildFile; fileRef = A4605C2221856237007B53FF /* AddToDoViewController.swift */; };
		A4605C27218597F2007B53FF /* EditToDoViewController.swift in Sources */ = {isa = PBXBuildFile; fileRef = A4605C26218597F2007B53FF /* EditToDoViewController.swift */; };
/* End PBXBuildFile section */

/* Begin PBXFileReference section */
		795F85352184D4B100C4AA42 /* QlueToDo.app */ = {isa = PBXFileReference; explicitFileType = wrapper.application; includeInIndex = 0; path = QlueToDo.app; sourceTree = BUILT_PRODUCTS_DIR; };
		795F85382184D4B100C4AA42 /* AppDelegate.swift */ = {isa = PBXFileReference; lastKnownFileType = sourcecode.swift; path = AppDelegate.swift; sourceTree = "<group>"; };
		795F853A2184D4B100C4AA42 /* ViewController.swift */ = {isa = PBXFileReference; lastKnownFileType = sourcecode.swift; path = ViewController.swift; sourceTree = "<group>"; };
		795F853D2184D4B100C4AA42 /* Base */ = {isa = PBXFileReference; lastKnownFileType = file.storyboard; name = Base; path = Base.lproj/Main.storyboard; sourceTree = "<group>"; };
		795F853F2184D4B100C4AA42 /* Assets.xcassets */ = {isa = PBXFileReference; lastKnownFileType = folder.assetcatalog; path = Assets.xcassets; sourceTree = "<group>"; };
		795F85422184D4B100C4AA42 /* Base */ = {isa = PBXFileReference; lastKnownFileType = file.storyboard; name = Base; path = Base.lproj/LaunchScreen.storyboard; sourceTree = "<group>"; };
		795F85442184D4B100C4AA42 /* Info.plist */ = {isa = PBXFileReference; lastKnownFileType = text.plist.xml; path = Info.plist; sourceTree = "<group>"; };
		795F854A2184D76B00C4AA42 /* HomeTableViewCell.swift */ = {isa = PBXFileReference; lastKnownFileType = sourcecode.swift; path = HomeTableViewCell.swift; sourceTree = "<group>"; };
		795F854E2184D94900C4AA42 /* ToDo.swift */ = {isa = PBXFileReference; lastKnownFileType = sourcecode.swift; path = ToDo.swift; sourceTree = "<group>"; };
		795F85502184DBDC00C4AA42 /* NetworkService.swift */ = {isa = PBXFileReference; lastKnownFileType = sourcecode.swift; path = NetworkService.swift; sourceTree = "<group>"; };
		A4605C2221856237007B53FF /* AddToDoViewController.swift */ = {isa = PBXFileReference; lastKnownFileType = sourcecode.swift; path = AddToDoViewController.swift; sourceTree = "<group>"; };
		A4605C26218597F2007B53FF /* EditToDoViewController.swift */ = {isa = PBXFileReference; lastKnownFileType = sourcecode.swift; path = EditToDoViewController.swift; sourceTree = "<group>"; };
/* End PBXFileReference section */

/* Begin PBXFrameworksBuildPhase section */
		795F85322184D4B100C4AA42 /* Frameworks */ = {
			isa = PBXFrameworksBuildPhase;
			buildActionMask = 2147483647;
			files = (
			);
			runOnlyForDeploymentPostprocessing = 0;
		};
/* End PBXFrameworksBuildPhase section */

/* Begin PBXGroup section */
		795F852C2184D4B000C4AA42 = {
			isa = PBXGroup;
			children = (
				795F85372184D4B100C4AA42 /* QlueToDo */,
				795F85362184D4B100C4AA42 /* Products */,
			);
			sourceTree = "<group>";
		};
		795F85362184D4B100C4AA42 /* Products */ = {
			isa = PBXGroup;
			children = (
				795F85352184D4B100C4AA42 /* QlueToDo.app */,
			);
			name = Products;
			sourceTree = "<group>";
		};
		795F85372184D4B100C4AA42 /* QlueToDo */ = {
			isa = PBXGroup;
			children = (
				795F85382184D4B100C4AA42 /* AppDelegate.swift */,
				795F853A2184D4B100C4AA42 /* ViewController.swift */,
				795F853C2184D4B100C4AA42 /* Main.storyboard */,
				795F853F2184D4B100C4AA42 /* Assets.xcassets */,
				795F85412184D4B100C4AA42 /* LaunchScreen.storyboard */,
				795F85442184D4B100C4AA42 /* Info.plist */,
				795F854A2184D76B00C4AA42 /* HomeTableViewCell.swift */,
				795F854E2184D94900C4AA42 /* ToDo.swift */,
				795F85502184DBDC00C4AA42 /* NetworkService.swift */,
				A4605C2221856237007B53FF /* AddToDoViewController.swift */,
				A4605C26218597F2007B53FF /* EditToDoViewController.swift */,
			);
			path = QlueToDo;
			sourceTree = "<group>";
		};
/* End PBXGroup section */

/* Begin PBXNativeTarget section */
		795F85342184D4B100C4AA42 /* QlueToDo */ = {
			isa = PBXNativeTarget;
			buildConfigurationList = 795F85472184D4B100C4AA42 /* Build configuration list for PBXNativeTarget "QlueToDo" */;
			buildPhases = (
				795F85312184D4B100C4AA42 /* Sources */,
				795F85322184D4B100C4AA42 /* Frameworks */,
				795F85332184D4B100C4AA42 /* Resources */,
			);
			buildRules = (
			);
			dependencies = (
			);
			name = QlueToDo;
			productName = QlueToDo;
			productReference = 795F85352184D4B100C4AA42 /* QlueToDo.app */;
			productType = "com.apple.product-type.application";
		};
/* End PBXNativeTarget section */

/* Begin PBXProject section */
		795F852D2184D4B000C4AA42 /* Project object */ = {
			isa = PBXProject;
			attributes = {
				LastSwiftUpdateCheck = 0910;
				LastUpgradeCheck = 0910;
				ORGANIZATIONNAME = "Cahyanto Setya Budi";
				TargetAttributes = {
					795F85342184D4B100C4AA42 = {
						CreatedOnToolsVersion = 9.1;
						ProvisioningStyle = Automatic;
					};
				};
			};
			buildConfigurationList = 795F85302184D4B000C4AA42 /* Build configuration list for PBXProject "QlueToDo" */;
			compatibilityVersion = "Xcode 8.0";
			developmentRegion = en;
			hasScannedForEncodings = 0;
			knownRegions = (
				en,
				Base,
			);
			mainGroup = 795F852C2184D4B000C4AA42;
			productRefGroup = 795F85362184D4B100C4AA42 /* Products */;
			projectDirPath = "";
			projectRoot = "";
			targets = (
				795F85342184D4B100C4AA42 /* QlueToDo */,
			);
		};
/* End PBXProject section */

/* Begin PBXResourcesBuildPhase section */
		795F85332184D4B100C4AA42 /* Resources */ = {
			isa = PBXResourcesBuildPhase;
			buildActionMask = 2147483647;
			files = (
				795F85432184D4B100C4AA42 /* LaunchScreen.storyboard in Resources */,
				795F85402184D4B100C4AA42 /* Assets.xcassets in Resources */,
				795F853E2184D4B100C4AA42 /* Main.storyboard in Resources */,
			);
			runOnlyForDeploymentPostprocessing = 0;
		};
/* End PBXResourcesBuildPhase section */

/* Begin PBXSourcesBuildPhase section */
		795F85312184D4B100C4AA42 /* Sources */ = {
			isa = PBXSourcesBuildPhase;
			buildActionMask = 2147483647;
			files = (
				795F85512184DBDC00C4AA42 /* NetworkService.swift in Sources */,
				795F854B2184D76B00C4AA42 /* HomeTableViewCell.swift in Sources */,
				795F853B2184D4B100C4AA42 /* ViewController.swift in Sources */,
				795F85392184D4B100C4AA42 /* AppDelegate.swift in Sources */,
				A4605C2321856237007B53FF /* AddToDoViewController.swift in Sources */,
				A4605C27218597F2007B53FF /* EditToDoViewController.swift in Sources */,
				795F854F2184D94900C4AA42 /* ToDo.swift in Sources */,
			);
			runOnlyForDeploymentPostprocessing = 0;
		};
/* End PBXSourcesBuildPhase section */

/* Begin PBXVariantGroup section */
		795F853C2184D4B100C4AA42 /* Main.storyboard */ = {
			isa = PBXVariantGroup;
			children = (
				795F853D2184D4B100C4AA42 /* Base */,
			);
			name = Main.storyboard;
			sourceTree = "<group>";
		};
		795F85412184D4B100C4AA42 /* LaunchScreen.storyboard */ = {
			isa = PBXVariantGroup;
			children = (
				795F85422184D4B100C4AA42 /* Base */,
			);
			name = LaunchScreen.storyboard;
			sourceTree = "<group>";
		};
/* End PBXVariantGroup section */

/* Begin XCBuildConfiguration section */
		795F85452184D4B100C4AA42 /* Debug */ = {
			isa = XCBuildConfiguration;
			buildSettings = {
				ALWAYS_SEARCH_USER_PATHS = NO;
				CLANG_ANALYZER_NONNULL = YES;
				CLANG_ANALYZER_NUMBER_OBJECT_CONVERSION = YES_AGGRESSIVE;
				CLANG_CXX_LANGUAGE_STANDARD = "gnu++14";
				CLANG_CXX_LIBRARY = "libc++";
				CLANG_ENABLE_MODULES = YES;
				CLANG_ENABLE_OBJC_ARC = YES;
				CLANG_WARN_BLOCK_CAPTURE_AUTORELEASING = YES;
				CLANG_WARN_BOOL_CONVERSION = YES;
				CLANG_WARN_COMMA = YES;
				CLANG_WARN_CONSTANT_CONVERSION = YES;
				CLANG_WARN_DIRECT_OBJC_ISA_USAGE = YES_ERROR;
				CLANG_WARN_DOCUMENTATION_COMMENTS = YES;
				CLANG_WARN_EMPTY_BODY = YES;
				CLANG_WARN_ENUM_CONVERSION = YES;
				CLANG_WARN_INFINITE_RECURSION = YES;
				CLANG_WARN_INT_CONVERSION = YES;
				CLANG_WARN_NON_LITERAL_NULL_CONVERSION = YES;
				CLANG_WARN_OBJC_LITERAL_CONVERSION = YES;
				CLANG_WARN_OBJC_ROOT_CLASS = YES_ERROR;
				CLANG_WARN_RANGE_LOOP_ANALYSIS = YES;
				CLANG_WARN_STRICT_PROTOTYPES = YES;
				CLANG_WARN_SUSPICIOUS_MOVE = YES;
				CLANG_WARN_UNGUARDED_AVAILABILITY = YES_AGGRESSIVE;
				CLANG_WARN_UNREACHABLE_CODE = YES;
				CLANG_WARN__DUPLICATE_METHOD_MATCH = YES;
				CODE_SIGN_IDENTITY = "iPhone Developer";
				COPY_PHASE_STRIP = NO;
				DEBUG_INFORMATION_FORMAT = dwarf;
				ENABLE_STRICT_OBJC_MSGSEND = YES;
				ENABLE_TESTABILITY = YES;
				GCC_C_LANGUAGE_STANDARD = gnu11;
				GCC_DYNAMIC_NO_PIC = NO;
				GCC_NO_COMMON_BLOCKS = YES;
				GCC_OPTIMIZATION_LEVEL = 0;
				GCC_PREPROCESSOR_DEFINITIONS = (
					"DEBUG=1",
					"$(inherited)",
				);
				GCC_WARN_64_TO_32_BIT_CONVERSION = YES;
				GCC_WARN_ABOUT_RETURN_TYPE = YES_ERROR;
				GCC_WARN_UNDECLARED_SELECTOR = YES;
				GCC_WARN_UNINITIALIZED_AUTOS = YES_AGGRESSIVE;
				GCC_WARN_UNUSED_FUNCTION = YES;
				GCC_WARN_UNUSED_VARIABLE = YES;
				IPHONEOS_DEPLOYMENT_TARGET = 11.1;
				MTL_ENABLE_DEBUG_INFO = YES;
				ONLY_ACTIVE_ARCH = YES;
				SDKROOT = iphoneos;
				SWIFT_ACTIVE_COMPILATION_CONDITIONS = DEBUG;
				SWIFT_OPTIMIZATION_LEVEL = "-Onone";
			};
			name = Debug;
		};
		795F85462184D4B100C4AA42 /* Release */ = {
			isa = XCBuildConfiguration;
			buildSettings = {
				ALWAYS_SEARCH_USER_PATHS = NO;
				CLANG_ANALYZER_NONNULL = YES;
				CLANG_ANALYZER_NUMBER_OBJECT_CONVERSION = YES_AGGRESSIVE;
				CLANG_CXX_LANGUAGE_STANDARD = "gnu++14";
				CLANG_CXX_LIBRARY = "libc++";
				CLANG_ENABLE_MODULES = YES;
				CLANG_ENABLE_OBJC_ARC = YES;
				CLANG_WARN_BLOCK_CAPTURE_AUTORELEASING = YES;
				CLANG_WARN_BOOL_CONVERSION = YES;
				CLANG_WARN_COMMA = YES;
				CLANG_WARN_CONSTANT_CONVERSION = YES;
				CLANG_WARN_DIRECT_OBJC_ISA_USAGE = YES_ERROR;
				CLANG_WARN_DOCUMENTATION_COMMENTS = YES;
				CLANG_WARN_EMPTY_BODY = YES;
				CLANG_WARN_ENUM_CONVERSION = YES;
				CLANG_WARN_INFINITE_RECURSION = YES;
				CLANG_WARN_INT_CONVERSION = YES;
				CLANG_WARN_NON_LITERAL_NULL_CONVERSION = YES;
				CLANG_WARN_OBJC_LITERAL_CONVERSION = YES;
				CLANG_WARN_OBJC_ROOT_CLASS = YES_ERROR;
				CLANG_WARN_RANGE_LOOP_ANALYSIS = YES;
				CLANG_WARN_STRICT_PROTOTYPES = YES;
				CLANG_WARN_SUSPICIOUS_MOVE = YES;
				CLANG_WARN_UNGUARDED_AVAILABILITY = YES_AGGRESSIVE;
				CLANG_WARN_UNREACHABLE_CODE = YES;
				CLANG_WARN__DUPLICATE_METHOD_MATCH = YES;
				CODE_SIGN_IDENTITY = "iPhone Developer";
				COPY_PHASE_STRIP = NO;
				DEBUG_INFORMATION_FORMAT = "dwarf-with-dsym";
				ENABLE_NS_ASSERTIONS = NO;
				ENABLE_STRICT_OBJC_MSGSEND = YES;
				GCC_C_LANGUAGE_STANDARD = gnu11;
				GCC_NO_COMMON_BLOCKS = YES;
				GCC_WARN_64_TO_32_BIT_CONVERSION = YES;
				GCC_WARN_ABOUT_RETURN_TYPE = YES_ERROR;
				GCC_WARN_UNDECLARED_SELECTOR = YES;
				GCC_WARN_UNINITIALIZED_AUTOS = YES_AGGRESSIVE;
				GCC_WARN_UNUSED_FUNCTION = YES;
				GCC_WARN_UNUSED_VARIABLE = YES;
				IPHONEOS_DEPLOYMENT_TARGET = 11.1;
				MTL_ENABLE_DEBUG_INFO = NO;
				SDKROOT = iphoneos;
				SWIFT_OPTIMIZATION_LEVEL = "-Owholemodule";
				VALIDATE_PRODUCT = YES;
			};
			name = Release;
		};
		795F85482184D4B100C4AA42 /* Debug */ = {
			isa = XCBuildConfiguration;
			buildSettings = {
				ASSETCATALOG_COMPILER_APPICON_NAME = AppIcon;
				CODE_SIGN_STYLE = Automatic;
				DEVELOPMENT_TEAM = EAN57SDFNQ;
				INFOPLIST_FILE = QlueToDo/Info.plist;
				LD_RUNPATH_SEARCH_PATHS = "$(inherited) @executable_path/Frameworks";
				PRODUCT_BUNDLE_IDENTIFIER = com.cahyantosetyabudi.QlueToDo;
				PRODUCT_NAME = "$(TARGET_NAME)";
				SWIFT_VERSION = 4.0;
				TARGETED_DEVICE_FAMILY = "1,2";
			};
			name = Debug;
		};
		795F85492184D4B100C4AA42 /* Release */ = {
			isa = XCBuildConfiguration;
			buildSettings = {
				ASSETCATALOG_COMPILER_APPICON_NAME = AppIcon;
				CODE_SIGN_STYLE = Automatic;
				DEVELOPMENT_TEAM = EAN57SDFNQ;
				INFOPLIST_FILE = QlueToDo/Info.plist;
				LD_RUNPATH_SEARCH_PATHS = "$(inherited) @executable_path/Frameworks";
				PRODUCT_BUNDLE_IDENTIFIER = com.cahyantosetyabudi.QlueToDo;
				PRODUCT_NAME = "$(TARGET_NAME)";
				SWIFT_VERSION = 4.0;
				TARGETED_DEVICE_FAMILY = "1,2";
			};
			name = Release;
		};
/* End XCBuildConfiguration section */

/* Begin XCConfigurationList section */
		795F85302184D4B000C4AA42 /* Build configuration list for PBXProject "QlueToDo" */ = {
			isa = XCConfigurationList;
			buildConfigurations = (
				795F85452184D4B100C4AA42 /* Debug */,
				795F85462184D4B100C4AA42 /* Release */,
			);
			defaultConfigurationIsVisible = 0;
			defaultConfigurationName = Release;
		};
		795F85472184D4B100C4AA42 /* Build configuration list for PBXNativeTarget "QlueToDo" */ = {
			isa = XCConfigurationList;
			buildConfigurations = (
				795F85482184D4B100C4AA42 /* Debug */,
				795F85492184D4B100C4AA42 /* Release */,
			);
			defaultConfigurationIsVisible = 0;
			defaultConfigurationName = Release;
		};
/* End XCConfigurationList section */
	};
	rootObject = 795F852D2184D4B000C4AA42 /* Project object */;
}
